
Microsoft Visual Studio Solution File, Format Version 12.00
# Visual Studio Version 17
VisualStudioVersion = 17.11.35222.181
MinimumVisualStudioVersion = 10.0.40219.1
Project("{2150E333-8FDC-42A3-9474-1A3956D46DE8}") = "Core", "Core", "{AB839FE1-E16F-4454-B5CE-D36D133979F7}"
EndProject
Project("{2150E333-8FDC-42A3-9474-1A3956D46DE8}") = "Infraestructure", "Infraestructure", "{ADF7B544-74E5-4C25-8912-5809BF903E5E}"
EndProject
Project("{2150E333-8FDC-42A3-9474-1A3956D46DE8}") = "IOC", "IOC", "{DCE175A6-A148-4F94-BF1C-24BAC692AE27}"
EndProject
Project("{2150E333-8FDC-42A3-9474-1A3956D46DE8}") = "Presentation", "Presentation", "{12C98D1B-A209-488C-955C-23080D743B4E}"
EndProject
Project("{2150E333-8FDC-42A3-9474-1A3956D46DE8}") = "Test", "Test", "{7611D705-A5DD-41B3-96F4-3DC64DCCAC32}"
EndProject
Project("{9A19103F-16F7-4668-BE54-9A1E7A4F7556}") = "SGRH.Infraestructure", "SGRH.Infraestructure\SGRH.Infraestructure.csproj", "{A4AFA052-B2D7-4CEB-9635-524F8002CF57}"
EndProject
Project("{9A19103F-16F7-4668-BE54-9A1E7A4F7556}") = "SGRH.Persistences", "SGRH.Persistences\SGRH.Persistences.csproj", "{EEDF2611-9DC7-4E23-8763-1BA5420A9915}"
EndProject
Project("{9A19103F-16F7-4668-BE54-9A1E7A4F7556}") = "SGRH.Web", "SGRH.Web\SGRH.Web.csproj", "{D33AC271-2485-4FF7-AE23-108E4AF8B248}"
EndProject
Project("{9A19103F-16F7-4668-BE54-9A1E7A4F7556}") = "SGRH.Mobiles", "SGRH.Mobiles\SGRH.Mobiles.csproj", "{2AB62324-83F5-40B1-8E85-42BBDD05FD6C}"
EndProject
Project("{FAE04EC0-301F-11D3-BF4B-00C04F79EFBC}") = "SGH.Domain", "SGH.Domain\SGH.Domain.csproj", "{77CD3252-0723-4438-9B28-03753308E17D}"
EndProject
Project("{FAE04EC0-301F-11D3-BF4B-00C04F79EFBC}") = "SGRH.IOC", "SGRH.IOC\SGRH.IOC.csproj", "{1E130A26-C892-496B-A8D1-A930F5830CA0}"
EndProject
Project("{2150E333-8FDC-42A3-9474-1A3956D46DE8}") = "API", "API", "{B82D2E93-EB4B-4916-9BA1-3827749925C3}"
EndProject
Project("{FAE04EC0-301F-11D3-BF4B-00C04F79EFBC}") = "Api", "Api\Api.csproj", "{FED7889C-D369-4DA4-B9D8-33F8EEDE48E2}"
EndProject
Project("{FAE04EC0-301F-11D3-BF4B-00C04F79EFBC}") = "Model", "Model\Model.csproj", "{C6DAB27C-7F21-4531-B8C4-AB86D4A6A7F4}"
EndProject
Project("{2150E333-8FDC-42A3-9474-1A3956D46DE8}") = "Application", "Application", "{284FF3E6-C880-447E-8251-3D63E2B87A99}"
EndProject
Project("{FAE04EC0-301F-11D3-BF4B-00C04F79EFBC}") = "SRH.Application", "SRH.Application\SRH.Application.csproj", "{8D428DDD-8CC5-443C-8050-4443E3218452}"
EndProject
Global
	GlobalSection(SolutionConfigurationPlatforms) = preSolution
		Debug|Any CPU = Debug|Any CPU
		Release|Any CPU = Release|Any CPU
	EndGlobalSection
	GlobalSection(ProjectConfigurationPlatforms) = postSolution
		{A4AFA052-B2D7-4CEB-9635-524F8002CF57}.Debug|Any CPU.ActiveCfg = Debug|Any CPU
		{A4AFA052-B2D7-4CEB-9635-524F8002CF57}.Debug|Any CPU.Build.0 = Debug|Any CPU
		{A4AFA052-B2D7-4CEB-9635-524F8002CF57}.Release|Any CPU.ActiveCfg = Release|Any CPU
		{A4AFA052-B2D7-4CEB-9635-524F8002CF57}.Release|Any CPU.Build.0 = Release|Any CPU
		{EEDF2611-9DC7-4E23-8763-1BA5420A9915}.Debug|Any CPU.ActiveCfg = Debug|Any CPU
		{EEDF2611-9DC7-4E23-8763-1BA5420A9915}.Debug|Any CPU.Build.0 = Debug|Any CPU
		{EEDF2611-9DC7-4E23-8763-1BA5420A9915}.Release|Any CPU.ActiveCfg = Release|Any CPU
		{EEDF2611-9DC7-4E23-8763-1BA5420A9915}.Release|Any CPU.Build.0 = Release|Any CPU
		{D33AC271-2485-4FF7-AE23-108E4AF8B248}.Debug|Any CPU.ActiveCfg = Debug|Any CPU
		{D33AC271-2485-4FF7-AE23-108E4AF8B248}.Debug|Any CPU.Build.0 = Debug|Any CPU
		{D33AC271-2485-4FF7-AE23-108E4AF8B248}.Release|Any CPU.ActiveCfg = Release|Any CPU
		{D33AC271-2485-4FF7-AE23-108E4AF8B248}.Release|Any CPU.Build.0 = Release|Any CPU
		{2AB62324-83F5-40B1-8E85-42BBDD05FD6C}.Debug|Any CPU.ActiveCfg = Debug|Any CPU
		{2AB62324-83F5-40B1-8E85-42BBDD05FD6C}.Debug|Any CPU.Build.0 = Debug|Any CPU
		{2AB62324-83F5-40B1-8E85-42BBDD05FD6C}.Debug|Any CPU.Deploy.0 = Debug|Any CPU
		{2AB62324-83F5-40B1-8E85-42BBDD05FD6C}.Release|Any CPU.ActiveCfg = Release|Any CPU
		{2AB62324-83F5-40B1-8E85-42BBDD05FD6C}.Release|Any CPU.Build.0 = Release|Any CPU
		{2AB62324-83F5-40B1-8E85-42BBDD05FD6C}.Release|Any CPU.Deploy.0 = Release|Any CPU
		{77CD3252-0723-4438-9B28-03753308E17D}.Debug|Any CPU.ActiveCfg = Debug|Any CPU
		{77CD3252-0723-4438-9B28-03753308E17D}.Debug|Any CPU.Build.0 = Debug|Any CPU
		{77CD3252-0723-4438-9B28-03753308E17D}.Release|Any CPU.ActiveCfg = Release|Any CPU
		{77CD3252-0723-4438-9B28-03753308E17D}.Release|Any CPU.Build.0 = Release|Any CPU
		{1E130A26-C892-496B-A8D1-A930F5830CA0}.Debug|Any CPU.ActiveCfg = Debug|Any CPU
		{1E130A26-C892-496B-A8D1-A930F5830CA0}.Debug|Any CPU.Build.0 = Debug|Any CPU
		{1E130A26-C892-496B-A8D1-A930F5830CA0}.Release|Any CPU.ActiveCfg = Release|Any CPU
		{1E130A26-C892-496B-A8D1-A930F5830CA0}.Release|Any CPU.Build.0 = Release|Any CPU
		{FED7889C-D369-4DA4-B9D8-33F8EEDE48E2}.Debug|Any CPU.ActiveCfg = Debug|Any CPU
		{FED7889C-D369-4DA4-B9D8-33F8EEDE48E2}.Debug|Any CPU.Build.0 = Debug|Any CPU
		{FED7889C-D369-4DA4-B9D8-33F8EEDE48E2}.Release|Any CPU.ActiveCfg = Release|Any CPU
		{FED7889C-D369-4DA4-B9D8-33F8EEDE48E2}.Release|Any CPU.Build.0 = Release|Any CPU
		{C6DAB27C-7F21-4531-B8C4-AB86D4A6A7F4}.Debug|Any CPU.ActiveCfg = Debug|Any CPU
		{C6DAB27C-7F21-4531-B8C4-AB86D4A6A7F4}.Debug|Any CPU.Build.0 = Debug|Any CPU
		{C6DAB27C-7F21-4531-B8C4-AB86D4A6A7F4}.Release|Any CPU.ActiveCfg = Release|Any CPU
		{C6DAB27C-7F21-4531-B8C4-AB86D4A6A7F4}.Release|Any CPU.Build.0 = Release|Any CPU
		{8D428DDD-8CC5-443C-8050-4443E3218452}.Debug|Any CPU.ActiveCfg = Debug|Any CPU
		{8D428DDD-8CC5-443C-8050-4443E3218452}.Debug|Any CPU.Build.0 = Debug|Any CPU
		{8D428DDD-8CC5-443C-8050-4443E3218452}.Release|Any CPU.ActiveCfg = Release|Any CPU
		{8D428DDD-8CC5-443C-8050-4443E3218452}.Release|Any CPU.Build.0 = Release|Any CPU
	EndGlobalSection
	GlobalSection(SolutionProperties) = preSolution
		HideSolutionNode = FALSE
	EndGlobalSection
	GlobalSection(NestedProjects) = preSolution
		{A4AFA052-B2D7-4CEB-9635-524F8002CF57} = {ADF7B544-74E5-4C25-8912-5809BF903E5E}
		{EEDF2611-9DC7-4E23-8763-1BA5420A9915} = {ADF7B544-74E5-4C25-8912-5809BF903E5E}
		{D33AC271-2485-4FF7-AE23-108E4AF8B248} = {12C98D1B-A209-488C-955C-23080D743B4E}
		{2AB62324-83F5-40B1-8E85-42BBDD05FD6C} = {12C98D1B-A209-488C-955C-23080D743B4E}
		{1E130A26-C892-496B-A8D1-A930F5830CA0} = {DCE175A6-A148-4F94-BF1C-24BAC692AE27}
		{FED7889C-D369-4DA4-B9D8-33F8EEDE48E2} = {B82D2E93-EB4B-4916-9BA1-3827749925C3}
		{C6DAB27C-7F21-4531-B8C4-AB86D4A6A7F4} = {AB839FE1-E16F-4454-B5CE-D36D133979F7}
		{8D428DDD-8CC5-443C-8050-4443E3218452} = {284FF3E6-C880-447E-8251-3D63E2B87A99}
		{77CD3252-0723-4438-9B28-03753308E17D} = {AB839FE1-E16F-4454-B5CE-D36D133979F7}
	EndGlobalSection
	GlobalSection(ExtensibilityGlobals) = postSolution
		SolutionGuid = {59FEA820-78CE-403B-8572-B412195C5EC4}
	EndGlobalSection
EndGlobal
