
Microsoft Visual Studio Solution File, Format Version 12.00
# Visual Studio Version 17
VisualStudioVersion = 17.11.35222.181
MinimumVisualStudioVersion = 10.0.40219.1
Project("{2150E333-8FDC-42A3-9474-1A3956D46DE8}") = "Domain", "Domain", "{AB839FE1-E16F-4454-B5CE-D36D133979F7}"
EndProject
Project("{2150E333-8FDC-42A3-9474-1A3956D46DE8}") = "Presentation", "Presentation", "{856B9C6E-3A70-47D6-8D60-8FA85DA6E6AF}"
EndProject
Project("{9A19103F-16F7-4668-BE54-9A1E7A4F7556}") = "SGRH.Application", "SGRH.Application\SGRH.Application.csproj", "{9E84BB70-EA08-4DA4-97BF-21D5D75FC319}"
EndProject
Project("{2150E333-8FDC-42A3-9474-1A3956D46DE8}") = "Infraestructure", "Infraestructure", "{ADF7B544-74E5-4C25-8912-5809BF903E5E}"
EndProject
Project("{2150E333-8FDC-42A3-9474-1A3956D46DE8}") = "IOC", "IOC", "{DCE175A6-A148-4F94-BF1C-24BAC692AE27}"
EndProject
Project("{2150E333-8FDC-42A3-9474-1A3956D46DE8}") = "Presentation", "Presentation", "{12C98D1B-A209-488C-955C-23080D743B4E}"
EndProject
Project("{2150E333-8FDC-42A3-9474-1A3956D46DE8}") = "Test", "Test", "{7611D705-A5DD-41B3-96F4-3DC64DCCAC32}"
EndProject
Project("{2150E333-8FDC-42A3-9474-1A3956D46DE8}") = "Web", "Web", "{0E8F3D42-C8C5-402D-9DDF-11CF5D9DDBEE}"
EndProject
Project("{FAE04EC0-301F-11D3-BF4B-00C04F79EFBC}") = "SGRH.Infraestructure", "SGRH.Infraestructure\SGRH.Infraestructure.csproj", "{A4AFA052-B2D7-4CEB-9635-524F8002CF57}"
EndProject
Project("{FAE04EC0-301F-11D3-BF4B-00C04F79EFBC}") = "SGRH.Persistences", "SGRH.Persistences\SGRH.Persistences.csproj", "{EEDF2611-9DC7-4E23-8763-1BA5420A9915}"
EndProject
Project("{FAE04EC0-301F-11D3-BF4B-00C04F79EFBC}") = "SGRH.Web", "SGRH.Web\SGRH.Web.csproj", "{D33AC271-2485-4FF7-AE23-108E4AF8B248}"
EndProject
Project("{FAE04EC0-301F-11D3-BF4B-00C04F79EFBC}") = "SGRH.Mobiles", "SGRH.Mobiles\SGRH.Mobiles.csproj", "{2AB62324-83F5-40B1-8E85-42BBDD05FD6C}"
EndProject
Project("{FAE04EC0-301F-11D3-BF4B-00C04F79EFBC}") = "SGRH. Domain", "SGRH. Domain\SGRH. Domain.csproj", "{77CD3252-0723-4438-9B28-03753308E17D}"
EndProject
Global
	GlobalSection(SolutionConfigurationPlatforms) = preSolution
		Debug|Any CPU = Debug|Any CPU
		Release|Any CPU = Release|Any CPU
	EndGlobalSection
	GlobalSection(ProjectConfigurationPlatforms) = postSolution
		{9E84BB70-EA08-4DA4-97BF-21D5D75FC319}.Debug|Any CPU.ActiveCfg = Debug|Any CPU
		{9E84BB70-EA08-4DA4-97BF-21D5D75FC319}.Debug|Any CPU.Build.0 = Debug|Any CPU
		{9E84BB70-EA08-4DA4-97BF-21D5D75FC319}.Release|Any CPU.ActiveCfg = Release|Any CPU
		{9E84BB70-EA08-4DA4-97BF-21D5D75FC319}.Release|Any CPU.Build.0 = Release|Any CPU
		{A4AFA052-B2D7-4CEB-9635-524F8002CF57}.Debug|Any CPU.ActiveCfg = Debug|Any CPU
		{A4AFA052-B2D7-4CEB-9635-524F8002CF57}.Debug|Any CPU.Build.0 = Debug|Any CPU
		{A4AFA052-B2D7-4CEB-9635-524F8002CF57}.Release|Any CPU.ActiveCfg = Release|Any CPU
		{A4AFA052-B2D7-4CEB-9635-524F8002CF57}.Release|Any CPU.Build.0 = Release|Any CPU
		{EEDF2611-9DC7-4E23-8763-1BA5420A9915}.Debug|Any CPU.ActiveCfg = Debug|Any CPU
		{EEDF2611-9DC7-4E23-8763-1BA5420A9915}.Debug|Any CPU.Build.0 = Debug|Any CPU
		{EEDF2611-9DC7-4E23-8763-1BA5420A9915}.Release|Any CPU.ActiveCfg = Release|Any CPU
		{EEDF2611-9DC7-4E23-8763-1BA5420A9915}.Release|Any CPU.Build.0 = Release|Any CPU
		{D33AC271-2485-4FF7-AE23-108E4AF8B248}.Debug|Any CPU.ActiveCfg = Debug|Any CPU
		{D33AC271-2485-4FF7-AE23-108E4AF8B248}.Debug|Any CPU.Build.0 = Debug|Any CPU
		{D33AC271-2485-4FF7-AE23-108E4AF8B248}.Release|Any CPU.ActiveCfg = Release|Any CPU
		{D33AC271-2485-4FF7-AE23-108E4AF8B248}.Release|Any CPU.Build.0 = Release|Any CPU
		{2AB62324-83F5-40B1-8E85-42BBDD05FD6C}.Debug|Any CPU.ActiveCfg = Debug|Any CPU
		{2AB62324-83F5-40B1-8E85-42BBDD05FD6C}.Debug|Any CPU.Build.0 = Debug|Any CPU
		{2AB62324-83F5-40B1-8E85-42BBDD05FD6C}.Debug|Any CPU.Deploy.0 = Debug|Any CPU
		{2AB62324-83F5-40B1-8E85-42BBDD05FD6C}.Release|Any CPU.ActiveCfg = Release|Any CPU
		{2AB62324-83F5-40B1-8E85-42BBDD05FD6C}.Release|Any CPU.Build.0 = Release|Any CPU
		{2AB62324-83F5-40B1-8E85-42BBDD05FD6C}.Release|Any CPU.Deploy.0 = Release|Any CPU
		{77CD3252-0723-4438-9B28-03753308E17D}.Debug|Any CPU.ActiveCfg = Debug|Any CPU
		{77CD3252-0723-4438-9B28-03753308E17D}.Debug|Any CPU.Build.0 = Debug|Any CPU
		{77CD3252-0723-4438-9B28-03753308E17D}.Release|Any CPU.ActiveCfg = Release|Any CPU
		{77CD3252-0723-4438-9B28-03753308E17D}.Release|Any CPU.Build.0 = Release|Any CPU
	EndGlobalSection
	GlobalSection(SolutionProperties) = preSolution
		HideSolutionNode = FALSE
	EndGlobalSection
	GlobalSection(NestedProjects) = preSolution
		{856B9C6E-3A70-47D6-8D60-8FA85DA6E6AF} = {AB839FE1-E16F-4454-B5CE-D36D133979F7}
		{9E84BB70-EA08-4DA4-97BF-21D5D75FC319} = {856B9C6E-3A70-47D6-8D60-8FA85DA6E6AF}
		{A4AFA052-B2D7-4CEB-9635-524F8002CF57} = {ADF7B544-74E5-4C25-8912-5809BF903E5E}
		{EEDF2611-9DC7-4E23-8763-1BA5420A9915} = {ADF7B544-74E5-4C25-8912-5809BF903E5E}
		{D33AC271-2485-4FF7-AE23-108E4AF8B248} = {12C98D1B-A209-488C-955C-23080D743B4E}
		{2AB62324-83F5-40B1-8E85-42BBDD05FD6C} = {12C98D1B-A209-488C-955C-23080D743B4E}
		{77CD3252-0723-4438-9B28-03753308E17D} = {AB839FE1-E16F-4454-B5CE-D36D133979F7}
	EndGlobalSection
	GlobalSection(ExtensibilityGlobals) = postSolution
		SolutionGuid = {59FEA820-78CE-403B-8572-B412195C5EC4}
	EndGlobalSection
EndGlobal
