
Microsoft Visual Studio Solution File, Format Version 12.00
# Visual Studio Version 17
VisualStudioVersion = 17.11.35222.181
MinimumVisualStudioVersion = 10.0.40219.1
Project("{FAE04EC0-301F-11D3-BF4B-00C04F79EFBC}") = "dol", "dol\dol.csproj", "{9BA6D2A4-C5C7-4F27-B59E-B76E5C630377}"
EndProject
Global
	GlobalSection(SolutionConfigurationPlatforms) = preSolution
		Debug|Any CPU = Debug|Any CPU
		Release|Any CPU = Release|Any CPU
	EndGlobalSection
	GlobalSection(ProjectConfigurationPlatforms) = postSolution
		{9BA6D2A4-C5C7-4F27-B59E-B76E5C630377}.Debug|Any CPU.ActiveCfg = Debug|Any CPU
		{9BA6D2A4-C5C7-4F27-B59E-B76E5C630377}.Debug|Any CPU.Build.0 = Debug|Any CPU
		{9BA6D2A4-C5C7-4F27-B59E-B76E5C630377}.Release|Any CPU.ActiveCfg = Release|Any CPU
		{9BA6D2A4-C5C7-4F27-B59E-B76E5C630377}.Release|Any CPU.Build.0 = Release|Any CPU
	EndGlobalSection
	GlobalSection(SolutionProperties) = preSolution
		HideSolutionNode = FALSE
	EndGlobalSection
	GlobalSection(ExtensibilityGlobals) = postSolution
		SolutionGuid = {59FEA820-78CE-403B-8572-B412195C5EC4}
	EndGlobalSection
EndGlobal
